
Microsoft Visual Studio Solution File, Format Version 12.00
# Visual Studio Version 16
VisualStudioVersion = 16.0.30523.141
MinimumVisualStudioVersion = 10.0.40219.1
Project("{FAE04EC0-301F-11D3-BF4B-00C04F79EFBC}") = "IT481Unit2", "IT481Unit2\IT481Unit2.csproj", "{38FC91F7-A6F5-4795-8F22-A36920B1E7BB}"
EndProject
Global
	GlobalSection(SolutionConfigurationPlatforms) = preSolution
		Debug|Any CPU = Debug|Any CPU
		Release|Any CPU = Release|Any CPU
	EndGlobalSection
	GlobalSection(ProjectConfigurationPlatforms) = postSolution
		{38FC91F7-A6F5-4795-8F22-A36920B1E7BB}.Debug|Any CPU.ActiveCfg = Debug|Any CPU
		{38FC91F7-A6F5-4795-8F22-A36920B1E7BB}.Debug|Any CPU.Build.0 = Debug|Any CPU
		{38FC91F7-A6F5-4795-8F22-A36920B1E7BB}.Release|Any CPU.ActiveCfg = Release|Any CPU
		{38FC91F7-A6F5-4795-8F22-A36920B1E7BB}.Release|Any CPU.Build.0 = Release|Any CPU
	EndGlobalSection
	GlobalSection(SolutionProperties) = preSolution
		HideSolutionNode = FALSE
	EndGlobalSection
	GlobalSection(ExtensibilityGlobals) = postSolution
		SolutionGuid = {3EABDCF2-C5FA-4483-A90C-3311D062F5E3}
	EndGlobalSection
EndGlobal
